// !$*UTF8*$!
{
	archiveVersion = 1;
	classes = {
	};
	objectVersion = 55;
	objects = {

/* Begin PBXBuildFile section */
		A005073C27A4297F006DDD3C /* CurrentUser.swift.swift in Sources */ = {isa = PBXBuildFile; fileRef = A005073B27A4297F006DDD3C /* CurrentUser.swift.swift */; };
		A005073E27A42B3F006DDD3C /* AuthInteractor.swift in Sources */ = {isa = PBXBuildFile; fileRef = A005073D27A42B3F006DDD3C /* AuthInteractor.swift */; };
		A005074027A42B49006DDD3C /* FirebaseAuth in Frameworks */ = {isa = PBXBuildFile; productRef = A005073F27A42B49006DDD3C /* FirebaseAuth */; };
		A005074327A4300B006DDD3C /* EnvironmentValues+CurrentUser.swift in Sources */ = {isa = PBXBuildFile; fileRef = A005074227A4300B006DDD3C /* EnvironmentValues+CurrentUser.swift */; };
		A005074527A430C4006DDD3C /* SignInView.swift in Sources */ = {isa = PBXBuildFile; fileRef = A005074427A430C4006DDD3C /* SignInView.swift */; };
		A005074827A43AD7006DDD3C /* ApartmentSearch.swift in Sources */ = {isa = PBXBuildFile; fileRef = A005074727A43AD7006DDD3C /* ApartmentSearch.swift */; };
		A005074A27A441F9006DDD3C /* ApartmentRequestView.swift in Sources */ = {isa = PBXBuildFile; fileRef = A005074927A441F9006DDD3C /* ApartmentRequestView.swift */; };
		A0099CB227A720C9006A72A8 /* UserOptionsView.swift in Sources */ = {isa = PBXBuildFile; fileRef = A0099CB127A720C9006A72A8 /* UserOptionsView.swift */; };
		A0099CB427A72121006A72A8 /* LoadApartmentView.swift in Sources */ = {isa = PBXBuildFile; fileRef = A0099CB327A72121006A72A8 /* LoadApartmentView.swift */; };
		A0099CB627A72A12006A72A8 /* AddApartmentView.swift in Sources */ = {isa = PBXBuildFile; fileRef = A0099CB527A72A12006A72A8 /* AddApartmentView.swift */; };
		A0099CB827A72AE2006A72A8 /* OpinionViews.swift in Sources */ = {isa = PBXBuildFile; fileRef = A0099CB727A72AE2006A72A8 /* OpinionViews.swift */; };
		A0099CBA27A72C48006A72A8 /* SettingsView.swift in Sources */ = {isa = PBXBuildFile; fileRef = A0099CB927A72C48006A72A8 /* SettingsView.swift */; };
		A00FAA2127B5728800393A76 /* BackportActionSheet.swift in Sources */ = {isa = PBXBuildFile; fileRef = A00FAA2027B5728800393A76 /* BackportActionSheet.swift */; };
		A00FAA2327B579BC00393A76 /* AddBrokerInformationView.swift in Sources */ = {isa = PBXBuildFile; fileRef = A00FAA2227B579BC00393A76 /* AddBrokerInformationView.swift */; };
		A00FAA2527B5831F00393A76 /* DismissKeyboardOnTap.swift in Sources */ = {isa = PBXBuildFile; fileRef = A00FAA2427B5831F00393A76 /* DismissKeyboardOnTap.swift */; };
		A00FAA2727B58B9C00393A76 /* WithKeyboardOpen.swift in Sources */ = {isa = PBXBuildFile; fileRef = A00FAA2627B58B9B00393A76 /* WithKeyboardOpen.swift */; };
		A03C68FC27AB307C008704F2 /* LinkInteractor.swift in Sources */ = {isa = PBXBuildFile; fileRef = A03C68FB27AB307B008704F2 /* LinkInteractor.swift */; };
		A046EFEC27A3708F003197A1 /* ApartmentHuntingApp.swift in Sources */ = {isa = PBXBuildFile; fileRef = A046EFEB27A3708E003197A1 /* ApartmentHuntingApp.swift */; };
		A046EFEE27A3708F003197A1 /* ContentView.swift in Sources */ = {isa = PBXBuildFile; fileRef = A046EFED27A3708F003197A1 /* ContentView.swift */; };
		A046EFF027A37094003197A1 /* Assets.xcassets in Resources */ = {isa = PBXBuildFile; fileRef = A046EFEF27A37094003197A1 /* Assets.xcassets */; };
		A046EFF327A37094003197A1 /* Preview Assets.xcassets in Resources */ = {isa = PBXBuildFile; fileRef = A046EFF227A37094003197A1 /* Preview Assets.xcassets */; };
		A046EFFB27A370D8003197A1 /* ApartmentsView.swift in Sources */ = {isa = PBXBuildFile; fileRef = A046EFFA27A370D8003197A1 /* ApartmentsView.swift */; };
		A046EFFD27A370E4003197A1 /* ApartmentView.swift in Sources */ = {isa = PBXBuildFile; fileRef = A046EFFC27A370E4003197A1 /* ApartmentView.swift */; };
		A046F00027A3711B003197A1 /* ApartmentModel.swift in Sources */ = {isa = PBXBuildFile; fileRef = A046EFFF27A3711B003197A1 /* ApartmentModel.swift */; };
		A046F00327A3713E003197A1 /* ApartmentAPIInteractor.swift in Sources */ = {isa = PBXBuildFile; fileRef = A046F00227A3713E003197A1 /* ApartmentAPIInteractor.swift */; };
		A046F00627A37169003197A1 /* APILoadingState.swift in Sources */ = {isa = PBXBuildFile; fileRef = A046F00527A37169003197A1 /* APILoadingState.swift */; };
		A046F00827A3718B003197A1 /* LinkView.swift in Sources */ = {isa = PBXBuildFile; fileRef = A046F00727A3718B003197A1 /* LinkView.swift */; };
		A046F00A27A37211003197A1 /* GoogleService-Info.plist in Resources */ = {isa = PBXBuildFile; fileRef = A046F00927A37211003197A1 /* GoogleService-Info.plist */; };
		A046F00D27A37313003197A1 /* FirebaseFirestore in Frameworks */ = {isa = PBXBuildFile; productRef = A046F00C27A37313003197A1 /* FirebaseFirestore */; };
		A046F00F27A37313003197A1 /* FirebaseFirestoreSwift-Beta in Frameworks */ = {isa = PBXBuildFile; productRef = A046F00E27A37313003197A1 /* FirebaseFirestoreSwift-Beta */; };
		A046F01127A373F0003197A1 /* Initializer.swift in Sources */ = {isa = PBXBuildFile; fileRef = A046F01027A373F0003197A1 /* Initializer.swift */; };
		A046F01427A37423003197A1 /* FirebaseMessaging in Frameworks */ = {isa = PBXBuildFile; productRef = A046F01327A37423003197A1 /* FirebaseMessaging */; };
		A046F01627A37494003197A1 /* RoundedButton.swift in Sources */ = {isa = PBXBuildFile; fileRef = A046F01527A37494003197A1 /* RoundedButton.swift */; };
		A046F01827A374EF003197A1 /* ShareSheet.swift in Sources */ = {isa = PBXBuildFile; fileRef = A046F01727A374EF003197A1 /* ShareSheet.swift */; };
		A046F01B27A37539003197A1 /* TaskView.swift in Sources */ = {isa = PBXBuildFile; fileRef = A046F01A27A37539003197A1 /* TaskView.swift */; };
		A046F01D27A3763C003197A1 /* Dismiss.swift in Sources */ = {isa = PBXBuildFile; fileRef = A046F01C27A3763C003197A1 /* Dismiss.swift */; };
		A046F01F27A378C9003197A1 /* Searchable.swift in Sources */ = {isa = PBXBuildFile; fileRef = A046F01E27A378C9003197A1 /* Searchable.swift */; };
		A07EF17827BFE9A0008ED1A9 /* LoginTouchBar.swift in Sources */ = {isa = PBXBuildFile; fileRef = A07EF17727BFE9A0008ED1A9 /* LoginTouchBar.swift */; };
		A07EF1A927BFF53C008ED1A9 /* Share Extension.appex in Embed App Extensions */ = {isa = PBXBuildFile; fileRef = A07EF19F27BFF53B008ED1A9 /* Share Extension.appex */; settings = {ATTRIBUTES = (RemoveHeadersOnCopy, ); }; };
		A07EF1B027BFF55D008ED1A9 /* ShareViewController.swift in Sources */ = {isa = PBXBuildFile; fileRef = A07EF1AD27BFF55D008ED1A9 /* ShareViewController.swift */; };
		A07EF1B127BFF55D008ED1A9 /* MainInterface.storyboard in Resources */ = {isa = PBXBuildFile; fileRef = A07EF1AE27BFF55D008ED1A9 /* MainInterface.storyboard */; };
		A07EF1B427BFF56E008ED1A9 /* FirebaseAuth in Frameworks */ = {isa = PBXBuildFile; productRef = A07EF1B327BFF56E008ED1A9 /* FirebaseAuth */; };
		A07EF1B627BFF56E008ED1A9 /* FirebaseFirestore in Frameworks */ = {isa = PBXBuildFile; productRef = A07EF1B527BFF56E008ED1A9 /* FirebaseFirestore */; };
		A07EF1B827BFF56E008ED1A9 /* FirebaseFirestoreSwift-Beta in Frameworks */ = {isa = PBXBuildFile; productRef = A07EF1B727BFF56E008ED1A9 /* FirebaseFirestoreSwift-Beta */; };
		A07EF1B927BFF580008ED1A9 /* ApartmentAPIInteractor.swift in Sources */ = {isa = PBXBuildFile; fileRef = A046F00227A3713E003197A1 /* ApartmentAPIInteractor.swift */; };
		A07EF1BA27BFF585008ED1A9 /* CurrentUser.swift.swift in Sources */ = {isa = PBXBuildFile; fileRef = A005073B27A4297F006DDD3C /* CurrentUser.swift.swift */; };
		A07EF1BB27BFF585008ED1A9 /* ApartmentModel.swift in Sources */ = {isa = PBXBuildFile; fileRef = A046EFFF27A3711B003197A1 /* ApartmentModel.swift */; };
		A07EF1BC27BFF585008ED1A9 /* ApartmentSearch.swift in Sources */ = {isa = PBXBuildFile; fileRef = A005074727A43AD7006DDD3C /* ApartmentSearch.swift */; };
		A07EF1BE27BFF5F2008ED1A9 /* AuthInteractor.swift in Sources */ = {isa = PBXBuildFile; fileRef = A005073D27A42B3F006DDD3C /* AuthInteractor.swift */; };
		A07EF1C027BFF61B008ED1A9 /* FirebaseMessaging in Frameworks */ = {isa = PBXBuildFile; productRef = A07EF1BF27BFF61B008ED1A9 /* FirebaseMessaging */; };
		A07EF1C127BFF62D008ED1A9 /* APILoadingState.swift in Sources */ = {isa = PBXBuildFile; fileRef = A046F00527A37169003197A1 /* APILoadingState.swift */; };
		A07EF1C227BFFA2A008ED1A9 /* GoogleService-Info.plist in Resources */ = {isa = PBXBuildFile; fileRef = A046F00927A37211003197A1 /* GoogleService-Info.plist */; };
		A07EF1C327BFFD5E008ED1A9 /* LinkInteractor.swift in Sources */ = {isa = PBXBuildFile; fileRef = A03C68FB27AB307B008704F2 /* LinkInteractor.swift */; };
		A0C8666E27ACC384002EBFE1 /* ErrorView.swift in Sources */ = {isa = PBXBuildFile; fileRef = A0C8666D27ACC384002EBFE1 /* ErrorView.swift */; };
		A0C8667227AE23E4002EBFE1 /* TextArea.swift in Sources */ = {isa = PBXBuildFile; fileRef = A0C8667127AE23E4002EBFE1 /* TextArea.swift */; };
		A0C8667427AE267E002EBFE1 /* TextFieldEntry.swift in Sources */ = {isa = PBXBuildFile; fileRef = A0C8667327AE267E002EBFE1 /* TextFieldEntry.swift */; };
		A0D4E0DA27B6FBDD007098B4 /* Searchable.swift in Sources */ = {isa = PBXBuildFile; fileRef = A046F01E27A378C9003197A1 /* Searchable.swift */; };
		A0D4E0DB27B6FBDD007098B4 /* BackportActionSheet.swift in Sources */ = {isa = PBXBuildFile; fileRef = A00FAA2027B5728800393A76 /* BackportActionSheet.swift */; };
		A0D4E0DC27B6FBDD007098B4 /* AddApartmentView.swift in Sources */ = {isa = PBXBuildFile; fileRef = A0099CB527A72A12006A72A8 /* AddApartmentView.swift */; };
		A0D4E0DD27B6FBDD007098B4 /* ApartmentAPIInteractor.swift in Sources */ = {isa = PBXBuildFile; fileRef = A046F00227A3713E003197A1 /* ApartmentAPIInteractor.swift */; };
		A0D4E0DE27B6FBDD007098B4 /* LinkView.swift in Sources */ = {isa = PBXBuildFile; fileRef = A046F00727A3718B003197A1 /* LinkView.swift */; };
		A0D4E0DF27B6FBDD007098B4 /* ErrorView.swift in Sources */ = {isa = PBXBuildFile; fileRef = A0C8666D27ACC384002EBFE1 /* ErrorView.swift */; };
		A0D4E0E027B6FBDD007098B4 /* EnvironmentValues+CurrentUser.swift in Sources */ = {isa = PBXBuildFile; fileRef = A005074227A4300B006DDD3C /* EnvironmentValues+CurrentUser.swift */; };
		A0D4E0E127B6FBDD007098B4 /* ApartmentView.swift in Sources */ = {isa = PBXBuildFile; fileRef = A046EFFC27A370E4003197A1 /* ApartmentView.swift */; };
		A0D4E0E227B6FBDD007098B4 /* AddBrokerInformationView.swift in Sources */ = {isa = PBXBuildFile; fileRef = A00FAA2227B579BC00393A76 /* AddBrokerInformationView.swift */; };
		A0D4E0E327B6FBDD007098B4 /* TaskView.swift in Sources */ = {isa = PBXBuildFile; fileRef = A046F01A27A37539003197A1 /* TaskView.swift */; };
		A0D4E0E427B6FBDD007098B4 /* RoundedButton.swift in Sources */ = {isa = PBXBuildFile; fileRef = A046F01527A37494003197A1 /* RoundedButton.swift */; };
		A0D4E0E527B6FBDD007098B4 /* UserOptionsView.swift in Sources */ = {isa = PBXBuildFile; fileRef = A0099CB127A720C9006A72A8 /* UserOptionsView.swift */; };
		A0D4E0E627B6FBDD007098B4 /* ApartmentSearch.swift in Sources */ = {isa = PBXBuildFile; fileRef = A005074727A43AD7006DDD3C /* ApartmentSearch.swift */; };
		A0D4E0E727B6FBDD007098B4 /* DismissKeyboardOnTap.swift in Sources */ = {isa = PBXBuildFile; fileRef = A00FAA2427B5831F00393A76 /* DismissKeyboardOnTap.swift */; };
		A0D4E0E827B6FBDD007098B4 /* APILoadingState.swift in Sources */ = {isa = PBXBuildFile; fileRef = A046F00527A37169003197A1 /* APILoadingState.swift */; };
		A0D4E0E927B6FBDD007098B4 /* LinkInteractor.swift in Sources */ = {isa = PBXBuildFile; fileRef = A03C68FB27AB307B008704F2 /* LinkInteractor.swift */; };
		A0D4E0EA27B6FBDD007098B4 /* Assets.xcassets in Resources */ = {isa = PBXBuildFile; fileRef = A046EFEF27A37094003197A1 /* Assets.xcassets */; };
		A0D4E0EB27B6FBDD007098B4 /* Initializer.swift in Sources */ = {isa = PBXBuildFile; fileRef = A046F01027A373F0003197A1 /* Initializer.swift */; };
		A0D4E0EC27B6FBDD007098B4 /* ContentView.swift in Sources */ = {isa = PBXBuildFile; fileRef = A046EFED27A3708F003197A1 /* ContentView.swift */; };
		A0D4E0ED27B6FBDD007098B4 /* LoadApartmentView.swift in Sources */ = {isa = PBXBuildFile; fileRef = A0099CB327A72121006A72A8 /* LoadApartmentView.swift */; };
		A0D4E0EE27B6FBDD007098B4 /* SettingsView.swift in Sources */ = {isa = PBXBuildFile; fileRef = A0099CB927A72C48006A72A8 /* SettingsView.swift */; };
		A0D4E0EF27B6FBDD007098B4 /* Dismiss.swift in Sources */ = {isa = PBXBuildFile; fileRef = A046F01C27A3763C003197A1 /* Dismiss.swift */; };
		A0D4E0F027B6FBDD007098B4 /* WithKeyboardOpen.swift in Sources */ = {isa = PBXBuildFile; fileRef = A00FAA2627B58B9B00393A76 /* WithKeyboardOpen.swift */; };
		A0D4E0F127B6FBDD007098B4 /* ApartmentRequestView.swift in Sources */ = {isa = PBXBuildFile; fileRef = A005074927A441F9006DDD3C /* ApartmentRequestView.swift */; };
		A0D4E0F227B6FBDD007098B4 /* ApartmentModel.swift in Sources */ = {isa = PBXBuildFile; fileRef = A046EFFF27A3711B003197A1 /* ApartmentModel.swift */; };
		A0D4E0F327B6FBDD007098B4 /* TextArea.swift in Sources */ = {isa = PBXBuildFile; fileRef = A0C8667127AE23E4002EBFE1 /* TextArea.swift */; };
		A0D4E0F427B6FBDD007098B4 /* ShareSheet.swift in Sources */ = {isa = PBXBuildFile; fileRef = A046F01727A374EF003197A1 /* ShareSheet.swift */; };
		A0D4E0F527B6FBDD007098B4 /* TextFieldEntry.swift in Sources */ = {isa = PBXBuildFile; fileRef = A0C8667327AE267E002EBFE1 /* TextFieldEntry.swift */; };
		A0D4E0F627B6FBDD007098B4 /* AuthInteractor.swift in Sources */ = {isa = PBXBuildFile; fileRef = A005073D27A42B3F006DDD3C /* AuthInteractor.swift */; };
		A0D4E0F727B6FBDD007098B4 /* CurrentUser.swift.swift in Sources */ = {isa = PBXBuildFile; fileRef = A005073B27A4297F006DDD3C /* CurrentUser.swift.swift */; };
		A0D4E0F827B6FBDD007098B4 /* OpinionViews.swift in Sources */ = {isa = PBXBuildFile; fileRef = A0099CB727A72AE2006A72A8 /* OpinionViews.swift */; };
		A0D4E0F927B6FBDD007098B4 /* ApartmentHuntingApp.swift in Sources */ = {isa = PBXBuildFile; fileRef = A046EFEB27A3708E003197A1 /* ApartmentHuntingApp.swift */; };
		A0D4E0FA27B6FBDD007098B4 /* ApartmentsView.swift in Sources */ = {isa = PBXBuildFile; fileRef = A046EFFA27A370D8003197A1 /* ApartmentsView.swift */; };
		A0D4E0FB27B6FBDD007098B4 /* SignInView.swift in Sources */ = {isa = PBXBuildFile; fileRef = A005074427A430C4006DDD3C /* SignInView.swift */; };
		A0D4E0FD27B6FBF2007098B4 /* FirebaseFirestore in Frameworks */ = {isa = PBXBuildFile; productRef = A0D4E0FC27B6FBF2007098B4 /* FirebaseFirestore */; };
		A0D4E0FF27B6FBF2007098B4 /* FirebaseFirestoreSwift-Beta in Frameworks */ = {isa = PBXBuildFile; productRef = A0D4E0FE27B6FBF2007098B4 /* FirebaseFirestoreSwift-Beta */; };
		A0D4E10127B6FBF2007098B4 /* FirebaseMessaging in Frameworks */ = {isa = PBXBuildFile; productRef = A0D4E10027B6FBF2007098B4 /* FirebaseMessaging */; };
		A0D4E10327B6FBFA007098B4 /* FirebaseAuth in Frameworks */ = {isa = PBXBuildFile; productRef = A0D4E10227B6FBFA007098B4 /* FirebaseAuth */; };
		A0D4E10627B6FCFB007098B4 /* UIAppDelegate.swift in Sources */ = {isa = PBXBuildFile; fileRef = A0D4E10527B6FCFB007098B4 /* UIAppDelegate.swift */; };
		A0D4E10827B6FE60007098B4 /* ColorSchemeAdaptor.swift in Sources */ = {isa = PBXBuildFile; fileRef = A0D4E10727B6FE60007098B4 /* ColorSchemeAdaptor.swift */; };
		A0D4E10927B6FE60007098B4 /* ColorSchemeAdaptor.swift in Sources */ = {isa = PBXBuildFile; fileRef = A0D4E10727B6FE60007098B4 /* ColorSchemeAdaptor.swift */; };
		A0D4E10B27B70347007098B4 /* NSAppDelegate.swift in Sources */ = {isa = PBXBuildFile; fileRef = A0D4E10A27B70347007098B4 /* NSAppDelegate.swift */; };
		A0D4E10C27B70414007098B4 /* GoogleService-Info.plist in Resources */ = {isa = PBXBuildFile; fileRef = A046F00927A37211003197A1 /* GoogleService-Info.plist */; };
		A0D4E10F27BAC43E007098B4 /* FoundApartmentView.swift in Sources */ = {isa = PBXBuildFile; fileRef = A0D4E10E27BAC43D007098B4 /* FoundApartmentView.swift */; };
		A0D4E11027BAC43E007098B4 /* FoundApartmentView.swift in Sources */ = {isa = PBXBuildFile; fileRef = A0D4E10E27BAC43D007098B4 /* FoundApartmentView.swift */; };
		A0E574E727C2020B0031CCF6 /* EventResponder.swift in Sources */ = {isa = PBXBuildFile; fileRef = A0E574E627C2020B0031CCF6 /* EventResponder.swift */; };
		A0E574E827C2020B0031CCF6 /* EventResponder.swift in Sources */ = {isa = PBXBuildFile; fileRef = A0E574E627C2020B0031CCF6 /* EventResponder.swift */; };
/* End PBXBuildFile section */

/* Begin PBXContainerItemProxy section */
		A07EF1A727BFF53C008ED1A9 /* PBXContainerItemProxy */ = {
			isa = PBXContainerItemProxy;
			containerPortal = A046EFE027A3708E003197A1 /* Project object */;
			proxyType = 1;
			remoteGlobalIDString = A07EF19E27BFF53B008ED1A9;
			remoteInfo = "Share Extension";
		};
/* End PBXContainerItemProxy section */

/* Begin PBXCopyFilesBuildPhase section */
		A07EF18B27BFEED2008ED1A9 /* Embed App Extensions */ = {
			isa = PBXCopyFilesBuildPhase;
			buildActionMask = 2147483647;
			dstPath = "";
			dstSubfolderSpec = 13;
			files = (
				A07EF1A927BFF53C008ED1A9 /* Share Extension.appex in Embed App Extensions */,
			);
			name = "Embed App Extensions";
			runOnlyForDeploymentPostprocessing = 0;
		};
/* End PBXCopyFilesBuildPhase section */

/* Begin PBXFileReference section */
		A005073B27A4297F006DDD3C /* CurrentUser.swift.swift */ = {isa = PBXFileReference; lastKnownFileType = sourcecode.swift; path = CurrentUser.swift.swift; sourceTree = "<group>"; };
		A005073D27A42B3F006DDD3C /* AuthInteractor.swift */ = {isa = PBXFileReference; lastKnownFileType = sourcecode.swift; path = AuthInteractor.swift; sourceTree = "<group>"; };
		A005074227A4300B006DDD3C /* EnvironmentValues+CurrentUser.swift */ = {isa = PBXFileReference; lastKnownFileType = sourcecode.swift; path = "EnvironmentValues+CurrentUser.swift"; sourceTree = "<group>"; };
		A005074427A430C4006DDD3C /* SignInView.swift */ = {isa = PBXFileReference; lastKnownFileType = sourcecode.swift; path = SignInView.swift; sourceTree = "<group>"; };
		A005074627A4348C006DDD3C /* Info.plist */ = {isa = PBXFileReference; lastKnownFileType = text.plist; path = Info.plist; sourceTree = "<group>"; };
		A005074727A43AD7006DDD3C /* ApartmentSearch.swift */ = {isa = PBXFileReference; lastKnownFileType = sourcecode.swift; path = ApartmentSearch.swift; sourceTree = "<group>"; };
		A005074927A441F9006DDD3C /* ApartmentRequestView.swift */ = {isa = PBXFileReference; lastKnownFileType = sourcecode.swift; path = ApartmentRequestView.swift; sourceTree = "<group>"; };
		A0099CB127A720C9006A72A8 /* UserOptionsView.swift */ = {isa = PBXFileReference; lastKnownFileType = sourcecode.swift; path = UserOptionsView.swift; sourceTree = "<group>"; };
		A0099CB327A72121006A72A8 /* LoadApartmentView.swift */ = {isa = PBXFileReference; lastKnownFileType = sourcecode.swift; path = LoadApartmentView.swift; sourceTree = "<group>"; };
		A0099CB527A72A12006A72A8 /* AddApartmentView.swift */ = {isa = PBXFileReference; lastKnownFileType = sourcecode.swift; path = AddApartmentView.swift; sourceTree = "<group>"; };
		A0099CB727A72AE2006A72A8 /* OpinionViews.swift */ = {isa = PBXFileReference; lastKnownFileType = sourcecode.swift; path = OpinionViews.swift; sourceTree = "<group>"; };
		A0099CB927A72C48006A72A8 /* SettingsView.swift */ = {isa = PBXFileReference; lastKnownFileType = sourcecode.swift; path = SettingsView.swift; sourceTree = "<group>"; };
		A00FAA2027B5728800393A76 /* BackportActionSheet.swift */ = {isa = PBXFileReference; lastKnownFileType = sourcecode.swift; path = BackportActionSheet.swift; sourceTree = "<group>"; };
		A00FAA2227B579BC00393A76 /* AddBrokerInformationView.swift */ = {isa = PBXFileReference; lastKnownFileType = sourcecode.swift; path = AddBrokerInformationView.swift; sourceTree = "<group>"; };
		A00FAA2427B5831F00393A76 /* DismissKeyboardOnTap.swift */ = {isa = PBXFileReference; lastKnownFileType = sourcecode.swift; path = DismissKeyboardOnTap.swift; sourceTree = "<group>"; };
		A00FAA2627B58B9B00393A76 /* WithKeyboardOpen.swift */ = {isa = PBXFileReference; lastKnownFileType = sourcecode.swift; path = WithKeyboardOpen.swift; sourceTree = "<group>"; };
		A03C68FB27AB307B008704F2 /* LinkInteractor.swift */ = {isa = PBXFileReference; lastKnownFileType = sourcecode.swift; path = LinkInteractor.swift; sourceTree = "<group>"; };
		A03C68FD27AC47DF008704F2 /* ApartmentHunting.entitlements */ = {isa = PBXFileReference; lastKnownFileType = text.plist.entitlements; path = ApartmentHunting.entitlements; sourceTree = "<group>"; };
		A046EFE827A3708E003197A1 /* Home Hunting iOS.app */ = {isa = PBXFileReference; explicitFileType = wrapper.application; includeInIndex = 0; path = "Home Hunting iOS.app"; sourceTree = BUILT_PRODUCTS_DIR; };
		A046EFEB27A3708E003197A1 /* ApartmentHuntingApp.swift */ = {isa = PBXFileReference; lastKnownFileType = sourcecode.swift; path = ApartmentHuntingApp.swift; sourceTree = "<group>"; };
		A046EFED27A3708F003197A1 /* ContentView.swift */ = {isa = PBXFileReference; lastKnownFileType = sourcecode.swift; path = ContentView.swift; sourceTree = "<group>"; };
		A046EFEF27A37094003197A1 /* Assets.xcassets */ = {isa = PBXFileReference; lastKnownFileType = folder.assetcatalog; path = Assets.xcassets; sourceTree = "<group>"; };
		A046EFF227A37094003197A1 /* Preview Assets.xcassets */ = {isa = PBXFileReference; lastKnownFileType = folder.assetcatalog; path = "Preview Assets.xcassets"; sourceTree = "<group>"; };
		A046EFFA27A370D8003197A1 /* ApartmentsView.swift */ = {isa = PBXFileReference; lastKnownFileType = sourcecode.swift; path = ApartmentsView.swift; sourceTree = "<group>"; };
		A046EFFC27A370E4003197A1 /* ApartmentView.swift */ = {isa = PBXFileReference; lastKnownFileType = sourcecode.swift; path = ApartmentView.swift; sourceTree = "<group>"; };
		A046EFFF27A3711B003197A1 /* ApartmentModel.swift */ = {isa = PBXFileReference; lastKnownFileType = sourcecode.swift; path = ApartmentModel.swift; sourceTree = "<group>"; };
		A046F00227A3713E003197A1 /* ApartmentAPIInteractor.swift */ = {isa = PBXFileReference; lastKnownFileType = sourcecode.swift; path = ApartmentAPIInteractor.swift; sourceTree = "<group>"; };
		A046F00527A37169003197A1 /* APILoadingState.swift */ = {isa = PBXFileReference; lastKnownFileType = sourcecode.swift; path = APILoadingState.swift; sourceTree = "<group>"; };
		A046F00727A3718B003197A1 /* LinkView.swift */ = {isa = PBXFileReference; lastKnownFileType = sourcecode.swift; path = LinkView.swift; sourceTree = "<group>"; };
		A046F00927A37211003197A1 /* GoogleService-Info.plist */ = {isa = PBXFileReference; fileEncoding = 4; lastKnownFileType = text.plist.xml; path = "GoogleService-Info.plist"; sourceTree = "<group>"; };
		A046F01027A373F0003197A1 /* Initializer.swift */ = {isa = PBXFileReference; lastKnownFileType = sourcecode.swift; path = Initializer.swift; sourceTree = "<group>"; };
		A046F01527A37494003197A1 /* RoundedButton.swift */ = {isa = PBXFileReference; lastKnownFileType = sourcecode.swift; path = RoundedButton.swift; sourceTree = "<group>"; };
		A046F01727A374EF003197A1 /* ShareSheet.swift */ = {isa = PBXFileReference; lastKnownFileType = sourcecode.swift; path = ShareSheet.swift; sourceTree = "<group>"; };
		A046F01A27A37539003197A1 /* TaskView.swift */ = {isa = PBXFileReference; lastKnownFileType = sourcecode.swift; path = TaskView.swift; sourceTree = "<group>"; };
		A046F01C27A3763C003197A1 /* Dismiss.swift */ = {isa = PBXFileReference; lastKnownFileType = sourcecode.swift; path = Dismiss.swift; sourceTree = "<group>"; };
		A046F01E27A378C9003197A1 /* Searchable.swift */ = {isa = PBXFileReference; lastKnownFileType = sourcecode.swift; path = Searchable.swift; sourceTree = "<group>"; };
		A07EF17727BFE9A0008ED1A9 /* LoginTouchBar.swift */ = {isa = PBXFileReference; lastKnownFileType = sourcecode.swift; path = LoginTouchBar.swift; sourceTree = "<group>"; };
		A07EF19F27BFF53B008ED1A9 /* Share Extension.appex */ = {isa = PBXFileReference; explicitFileType = "wrapper.app-extension"; includeInIndex = 0; path = "Share Extension.appex"; sourceTree = BUILT_PRODUCTS_DIR; };
		A07EF1AD27BFF55D008ED1A9 /* ShareViewController.swift */ = {isa = PBXFileReference; fileEncoding = 4; lastKnownFileType = sourcecode.swift; path = ShareViewController.swift; sourceTree = "<group>"; };
		A07EF1AE27BFF55D008ED1A9 /* MainInterface.storyboard */ = {isa = PBXFileReference; fileEncoding = 4; lastKnownFileType = file.storyboard; path = MainInterface.storyboard; sourceTree = "<group>"; };
		A07EF1AF27BFF55D008ED1A9 /* Info.plist */ = {isa = PBXFileReference; fileEncoding = 4; lastKnownFileType = text.plist.xml; path = Info.plist; sourceTree = "<group>"; };
		A07EF1BD27BFF59B008ED1A9 /* Share Extension.entitlements */ = {isa = PBXFileReference; lastKnownFileType = text.plist.entitlements; path = "Share Extension.entitlements"; sourceTree = "<group>"; };
		A0C8666D27ACC384002EBFE1 /* ErrorView.swift */ = {isa = PBXFileReference; lastKnownFileType = sourcecode.swift; path = ErrorView.swift; sourceTree = "<group>"; };
		A0C8667127AE23E4002EBFE1 /* TextArea.swift */ = {isa = PBXFileReference; lastKnownFileType = sourcecode.swift; path = TextArea.swift; sourceTree = "<group>"; };
		A0C8667327AE267E002EBFE1 /* TextFieldEntry.swift */ = {isa = PBXFileReference; lastKnownFileType = sourcecode.swift; path = TextFieldEntry.swift; sourceTree = "<group>"; };
		A0D4E0CB27B6FBA3007098B4 /* Home Hunting.app */ = {isa = PBXFileReference; explicitFileType = wrapper.application; includeInIndex = 0; path = "Home Hunting.app"; sourceTree = BUILT_PRODUCTS_DIR; };
		A0D4E10527B6FCFB007098B4 /* UIAppDelegate.swift */ = {isa = PBXFileReference; lastKnownFileType = sourcecode.swift; path = UIAppDelegate.swift; sourceTree = "<group>"; };
		A0D4E10727B6FE60007098B4 /* ColorSchemeAdaptor.swift */ = {isa = PBXFileReference; lastKnownFileType = sourcecode.swift; path = ColorSchemeAdaptor.swift; sourceTree = "<group>"; };
		A0D4E10A27B70347007098B4 /* NSAppDelegate.swift */ = {isa = PBXFileReference; lastKnownFileType = sourcecode.swift; path = NSAppDelegate.swift; sourceTree = "<group>"; };
		A0D4E10D27B70540007098B4 /* Home-Hunt-Info.plist */ = {isa = PBXFileReference; lastKnownFileType = text.plist.xml; path = "Home-Hunt-Info.plist"; sourceTree = "<group>"; };
		A0D4E10E27BAC43D007098B4 /* FoundApartmentView.swift */ = {isa = PBXFileReference; lastKnownFileType = sourcecode.swift; path = FoundApartmentView.swift; sourceTree = "<group>"; };
		A0E574E627C2020B0031CCF6 /* EventResponder.swift */ = {isa = PBXFileReference; lastKnownFileType = sourcecode.swift; path = EventResponder.swift; sourceTree = "<group>"; };
/* End PBXFileReference section */

/* Begin PBXFrameworksBuildPhase section */
		A046EFE527A3708E003197A1 /* Frameworks */ = {
			isa = PBXFrameworksBuildPhase;
			buildActionMask = 2147483647;
			files = (
				A046F01427A37423003197A1 /* FirebaseMessaging in Frameworks */,
				A046F00D27A37313003197A1 /* FirebaseFirestore in Frameworks */,
				A046F00F27A37313003197A1 /* FirebaseFirestoreSwift-Beta in Frameworks */,
				A005074027A42B49006DDD3C /* FirebaseAuth in Frameworks */,
			);
			runOnlyForDeploymentPostprocessing = 0;
		};
		A07EF19C27BFF53B008ED1A9 /* Frameworks */ = {
			isa = PBXFrameworksBuildPhase;
			buildActionMask = 2147483647;
			files = (
				A07EF1C027BFF61B008ED1A9 /* FirebaseMessaging in Frameworks */,
				A07EF1B827BFF56E008ED1A9 /* FirebaseFirestoreSwift-Beta in Frameworks */,
				A07EF1B427BFF56E008ED1A9 /* FirebaseAuth in Frameworks */,
				A07EF1B627BFF56E008ED1A9 /* FirebaseFirestore in Frameworks */,
			);
			runOnlyForDeploymentPostprocessing = 0;
		};
		A0D4E0C827B6FBA3007098B4 /* Frameworks */ = {
			isa = PBXFrameworksBuildPhase;
			buildActionMask = 2147483647;
			files = (
				A0D4E10127B6FBF2007098B4 /* FirebaseMessaging in Frameworks */,
				A0D4E0FD27B6FBF2007098B4 /* FirebaseFirestore in Frameworks */,
				A0D4E0FF27B6FBF2007098B4 /* FirebaseFirestoreSwift-Beta in Frameworks */,
				A0D4E10327B6FBFA007098B4 /* FirebaseAuth in Frameworks */,
			);
			runOnlyForDeploymentPostprocessing = 0;
		};
/* End PBXFrameworksBuildPhase section */

/* Begin PBXGroup section */
		A005074127A42FE9006DDD3C /* SwiftUIExtensions */ = {
			isa = PBXGroup;
			children = (
				A005074227A4300B006DDD3C /* EnvironmentValues+CurrentUser.swift */,
			);
			path = SwiftUIExtensions;
			sourceTree = "<group>";
		};
		A046EFDF27A3708E003197A1 = {
			isa = PBXGroup;
			children = (
				A046F00927A37211003197A1 /* GoogleService-Info.plist */,
				A046EFEA27A3708E003197A1 /* ApartmentHunting */,
				A07EF1A027BFF53C008ED1A9 /* Share Extension */,
				A046EFE927A3708E003197A1 /* Products */,
				A046F01227A37423003197A1 /* Frameworks */,
			);
			sourceTree = "<group>";
		};
		A046EFE927A3708E003197A1 /* Products */ = {
			isa = PBXGroup;
			children = (
				A046EFE827A3708E003197A1 /* Home Hunting iOS.app */,
				A0D4E0CB27B6FBA3007098B4 /* Home Hunting.app */,
				A07EF19F27BFF53B008ED1A9 /* Share Extension.appex */,
			);
			name = Products;
			sourceTree = "<group>";
		};
		A046EFEA27A3708E003197A1 /* ApartmentHunting */ = {
			isa = PBXGroup;
			children = (
				A07EF17627BFE982008ED1A9 /* MacShims */,
				A0D4E10427B6FCEB007098B4 /* Delegates */,
				A03C68FD27AC47DF008704F2 /* ApartmentHunting.entitlements */,
				A0D4E10D27B70540007098B4 /* Home-Hunt-Info.plist */,
				A005074627A4348C006DDD3C /* Info.plist */,
				A005074127A42FE9006DDD3C /* SwiftUIExtensions */,
				A046F01927A3752F003197A1 /* Backport */,
				A046F00427A3715E003197A1 /* Shared */,
				A046F00127A37127003197A1 /* Interactors */,
				A046EFFE27A370FF003197A1 /* Model */,
				A046EFF927A370A7003197A1 /* View */,
				A046EFEB27A3708E003197A1 /* ApartmentHuntingApp.swift */,
				A046EFED27A3708F003197A1 /* ContentView.swift */,
				A046EFEF27A37094003197A1 /* Assets.xcassets */,
				A046EFF127A37094003197A1 /* Preview Content */,
			);
			path = ApartmentHunting;
			sourceTree = "<group>";
		};
		A046EFF127A37094003197A1 /* Preview Content */ = {
			isa = PBXGroup;
			children = (
				A046EFF227A37094003197A1 /* Preview Assets.xcassets */,
			);
			path = "Preview Content";
			sourceTree = "<group>";
		};
		A046EFF927A370A7003197A1 /* View */ = {
			isa = PBXGroup;
			children = (
				A046EFFA27A370D8003197A1 /* ApartmentsView.swift */,
				A046EFFC27A370E4003197A1 /* ApartmentView.swift */,
				A046F00727A3718B003197A1 /* LinkView.swift */,
				A005074427A430C4006DDD3C /* SignInView.swift */,
				A005074927A441F9006DDD3C /* ApartmentRequestView.swift */,
				A0099CB127A720C9006A72A8 /* UserOptionsView.swift */,
				A0099CB327A72121006A72A8 /* LoadApartmentView.swift */,
				A0099CB527A72A12006A72A8 /* AddApartmentView.swift */,
				A0099CB727A72AE2006A72A8 /* OpinionViews.swift */,
				A0099CB927A72C48006A72A8 /* SettingsView.swift */,
				A0C8666D27ACC384002EBFE1 /* ErrorView.swift */,
				A00FAA2227B579BC00393A76 /* AddBrokerInformationView.swift */,
				A0D4E10E27BAC43D007098B4 /* FoundApartmentView.swift */,
			);
			path = View;
			sourceTree = "<group>";
		};
		A046EFFE27A370FF003197A1 /* Model */ = {
			isa = PBXGroup;
			children = (
				A046EFFF27A3711B003197A1 /* ApartmentModel.swift */,
				A005073B27A4297F006DDD3C /* CurrentUser.swift.swift */,
				A005074727A43AD7006DDD3C /* ApartmentSearch.swift */,
			);
			path = Model;
			sourceTree = "<group>";
		};
		A046F00127A37127003197A1 /* Interactors */ = {
			isa = PBXGroup;
			children = (
				A046F00227A3713E003197A1 /* ApartmentAPIInteractor.swift */,
				A005073D27A42B3F006DDD3C /* AuthInteractor.swift */,
				A03C68FB27AB307B008704F2 /* LinkInteractor.swift */,
			);
			path = Interactors;
			sourceTree = "<group>";
		};
		A046F00427A3715E003197A1 /* Shared */ = {
			isa = PBXGroup;
			children = (
				A046F00527A37169003197A1 /* APILoadingState.swift */,
				A046F01027A373F0003197A1 /* Initializer.swift */,
				A046F01527A37494003197A1 /* RoundedButton.swift */,
				A046F01727A374EF003197A1 /* ShareSheet.swift */,
				A0C8667127AE23E4002EBFE1 /* TextArea.swift */,
				A0C8667327AE267E002EBFE1 /* TextFieldEntry.swift */,
				A00FAA2427B5831F00393A76 /* DismissKeyboardOnTap.swift */,
				A00FAA2627B58B9B00393A76 /* WithKeyboardOpen.swift */,
				A0D4E10727B6FE60007098B4 /* ColorSchemeAdaptor.swift */,
				A0E574E627C2020B0031CCF6 /* EventResponder.swift */,
			);
			path = Shared;
			sourceTree = "<group>";
		};
		A046F01227A37423003197A1 /* Frameworks */ = {
			isa = PBXGroup;
			children = (
			);
			name = Frameworks;
			sourceTree = "<group>";
		};
		A046F01927A3752F003197A1 /* Backport */ = {
			isa = PBXGroup;
			children = (
				A046F01A27A37539003197A1 /* TaskView.swift */,
				A046F01C27A3763C003197A1 /* Dismiss.swift */,
				A046F01E27A378C9003197A1 /* Searchable.swift */,
				A00FAA2027B5728800393A76 /* BackportActionSheet.swift */,
			);
			path = Backport;
			sourceTree = "<group>";
		};
		A07EF17627BFE982008ED1A9 /* MacShims */ = {
			isa = PBXGroup;
			children = (
				A07EF17727BFE9A0008ED1A9 /* LoginTouchBar.swift */,
			);
			path = MacShims;
			sourceTree = "<group>";
		};
		A07EF1A027BFF53C008ED1A9 /* Share Extension */ = {
			isa = PBXGroup;
			children = (
				A07EF1BD27BFF59B008ED1A9 /* Share Extension.entitlements */,
				A07EF1AF27BFF55D008ED1A9 /* Info.plist */,
				A07EF1AE27BFF55D008ED1A9 /* MainInterface.storyboard */,
				A07EF1AD27BFF55D008ED1A9 /* ShareViewController.swift */,
			);
			path = "Share Extension";
			sourceTree = "<group>";
		};
		A0D4E10427B6FCEB007098B4 /* Delegates */ = {
			isa = PBXGroup;
			children = (
				A0D4E10527B6FCFB007098B4 /* UIAppDelegate.swift */,
				A0D4E10A27B70347007098B4 /* NSAppDelegate.swift */,
			);
			path = Delegates;
			sourceTree = "<group>";
		};
/* End PBXGroup section */

/* Begin PBXNativeTarget section */
		A046EFE727A3708E003197A1 /* Home Hunting iOS */ = {
			isa = PBXNativeTarget;
			buildConfigurationList = A046EFF627A37094003197A1 /* Build configuration list for PBXNativeTarget "Home Hunting iOS" */;
			buildPhases = (
				A046EFE427A3708E003197A1 /* Sources */,
				A046EFE527A3708E003197A1 /* Frameworks */,
				A046EFE627A3708E003197A1 /* Resources */,
				A07EF18B27BFEED2008ED1A9 /* Embed App Extensions */,
			);
			buildRules = (
			);
			dependencies = (
				A07EF1A827BFF53C008ED1A9 /* PBXTargetDependency */,
			);
			name = "Home Hunting iOS";
			packageProductDependencies = (
				A046F00C27A37313003197A1 /* FirebaseFirestore */,
				A046F00E27A37313003197A1 /* FirebaseFirestoreSwift-Beta */,
				A046F01327A37423003197A1 /* FirebaseMessaging */,
				A005073F27A42B49006DDD3C /* FirebaseAuth */,
			);
			productName = ApartmentHunting;
			productReference = A046EFE827A3708E003197A1 /* Home Hunting iOS.app */;
			productType = "com.apple.product-type.application";
		};
		A07EF19E27BFF53B008ED1A9 /* Share Extension */ = {
			isa = PBXNativeTarget;
			buildConfigurationList = A07EF1AA27BFF53C008ED1A9 /* Build configuration list for PBXNativeTarget "Share Extension" */;
			buildPhases = (
				A07EF19B27BFF53B008ED1A9 /* Sources */,
				A07EF19C27BFF53B008ED1A9 /* Frameworks */,
				A07EF19D27BFF53B008ED1A9 /* Resources */,
			);
			buildRules = (
			);
			dependencies = (
			);
			name = "Share Extension";
			packageProductDependencies = (
				A07EF1B327BFF56E008ED1A9 /* FirebaseAuth */,
				A07EF1B527BFF56E008ED1A9 /* FirebaseFirestore */,
				A07EF1B727BFF56E008ED1A9 /* FirebaseFirestoreSwift-Beta */,
				A07EF1BF27BFF61B008ED1A9 /* FirebaseMessaging */,
			);
			productName = "Share Extension";
			productReference = A07EF19F27BFF53B008ED1A9 /* Share Extension.appex */;
			productType = "com.apple.product-type.app-extension";
		};
		A0D4E0CA27B6FBA3007098B4 /* Home Hunting */ = {
			isa = PBXNativeTarget;
			buildConfigurationList = A0D4E0D927B6FBA5007098B4 /* Build configuration list for PBXNativeTarget "Home Hunting" */;
			buildPhases = (
				A0D4E0C727B6FBA3007098B4 /* Sources */,
				A0D4E0C827B6FBA3007098B4 /* Frameworks */,
				A0D4E0C927B6FBA3007098B4 /* Resources */,
			);
			buildRules = (
			);
			dependencies = (
			);
			name = "Home Hunting";
			packageProductDependencies = (
				A0D4E0FC27B6FBF2007098B4 /* FirebaseFirestore */,
				A0D4E0FE27B6FBF2007098B4 /* FirebaseFirestoreSwift-Beta */,
				A0D4E10027B6FBF2007098B4 /* FirebaseMessaging */,
				A0D4E10227B6FBFA007098B4 /* FirebaseAuth */,
			);
			productName = "Home Hunt";
			productReference = A0D4E0CB27B6FBA3007098B4 /* Home Hunting.app */;
			productType = "com.apple.product-type.application";
		};
/* End PBXNativeTarget section */

/* Begin PBXProject section */
		A046EFE027A3708E003197A1 /* Project object */ = {
			isa = PBXProject;
			attributes = {
				BuildIndependentTargetsInParallel = 1;
				LastSwiftUpdateCheck = 1320;
				LastUpgradeCheck = 1320;
				TargetAttributes = {
					A046EFE727A3708E003197A1 = {
						CreatedOnToolsVersion = 13.2.1;
					};
					A07EF19E27BFF53B008ED1A9 = {
						CreatedOnToolsVersion = 13.2.1;
						LastSwiftMigration = 1320;
					};
					A0D4E0CA27B6FBA3007098B4 = {
						CreatedOnToolsVersion = 13.2.1;
					};
				};
			};
			buildConfigurationList = A046EFE327A3708E003197A1 /* Build configuration list for PBXProject "HomeHunt" */;
			compatibilityVersion = "Xcode 13.0";
			developmentRegion = en;
			hasScannedForEncodings = 0;
			knownRegions = (
				en,
				Base,
			);
			mainGroup = A046EFDF27A3708E003197A1;
			packageReferences = (
				A046F00B27A37313003197A1 /* XCRemoteSwiftPackageReference "firebase-ios-sdk" */,
			);
			productRefGroup = A046EFE927A3708E003197A1 /* Products */;
			projectDirPath = "";
			projectRoot = "";
			targets = (
				A046EFE727A3708E003197A1 /* Home Hunting iOS */,
				A0D4E0CA27B6FBA3007098B4 /* Home Hunting */,
				A07EF19E27BFF53B008ED1A9 /* Share Extension */,
			);
		};
/* End PBXProject section */

/* Begin PBXResourcesBuildPhase section */
		A046EFE627A3708E003197A1 /* Resources */ = {
			isa = PBXResourcesBuildPhase;
			buildActionMask = 2147483647;
			files = (
				A046EFF327A37094003197A1 /* Preview Assets.xcassets in Resources */,
				A046F00A27A37211003197A1 /* GoogleService-Info.plist in Resources */,
				A046EFF027A37094003197A1 /* Assets.xcassets in Resources */,
			);
			runOnlyForDeploymentPostprocessing = 0;
		};
		A07EF19D27BFF53B008ED1A9 /* Resources */ = {
			isa = PBXResourcesBuildPhase;
			buildActionMask = 2147483647;
			files = (
				A07EF1B127BFF55D008ED1A9 /* MainInterface.storyboard in Resources */,
				A07EF1C227BFFA2A008ED1A9 /* GoogleService-Info.plist in Resources */,
			);
			runOnlyForDeploymentPostprocessing = 0;
		};
		A0D4E0C927B6FBA3007098B4 /* Resources */ = {
			isa = PBXResourcesBuildPhase;
			buildActionMask = 2147483647;
			files = (
				A0D4E0EA27B6FBDD007098B4 /* Assets.xcassets in Resources */,
				A0D4E10C27B70414007098B4 /* GoogleService-Info.plist in Resources */,
			);
			runOnlyForDeploymentPostprocessing = 0;
		};
/* End PBXResourcesBuildPhase section */

/* Begin PBXSourcesBuildPhase section */
		A046EFE427A3708E003197A1 /* Sources */ = {
			isa = PBXSourcesBuildPhase;
			buildActionMask = 2147483647;
			files = (
				A0D4E10627B6FCFB007098B4 /* UIAppDelegate.swift in Sources */,
				A005074527A430C4006DDD3C /* SignInView.swift in Sources */,
				A005073C27A4297F006DDD3C /* CurrentUser.swift.swift in Sources */,
				A046F01D27A3763C003197A1 /* Dismiss.swift in Sources */,
				A0099CB427A72121006A72A8 /* LoadApartmentView.swift in Sources */,
				A00FAA2527B5831F00393A76 /* DismissKeyboardOnTap.swift in Sources */,
				A0E574E727C2020B0031CCF6 /* EventResponder.swift in Sources */,
				A046F00027A3711B003197A1 /* ApartmentModel.swift in Sources */,
				A005074827A43AD7006DDD3C /* ApartmentSearch.swift in Sources */,
				A00FAA2327B579BC00393A76 /* AddBrokerInformationView.swift in Sources */,
				A046F01627A37494003197A1 /* RoundedButton.swift in Sources */,
				A0C8666E27ACC384002EBFE1 /* ErrorView.swift in Sources */,
				A046EFEE27A3708F003197A1 /* ContentView.swift in Sources */,
				A046F01B27A37539003197A1 /* TaskView.swift in Sources */,
				A046F01F27A378C9003197A1 /* Searchable.swift in Sources */,
				A00FAA2127B5728800393A76 /* BackportActionSheet.swift in Sources */,
				A005074A27A441F9006DDD3C /* ApartmentRequestView.swift in Sources */,
				A005074327A4300B006DDD3C /* EnvironmentValues+CurrentUser.swift in Sources */,
				A0099CB227A720C9006A72A8 /* UserOptionsView.swift in Sources */,
				A046F01127A373F0003197A1 /* Initializer.swift in Sources */,
				A0C8667227AE23E4002EBFE1 /* TextArea.swift in Sources */,
				A046F00827A3718B003197A1 /* LinkView.swift in Sources */,
				A0099CBA27A72C48006A72A8 /* SettingsView.swift in Sources */,
				A0099CB827A72AE2006A72A8 /* OpinionViews.swift in Sources */,
				A0099CB627A72A12006A72A8 /* AddApartmentView.swift in Sources */,
				A00FAA2727B58B9C00393A76 /* WithKeyboardOpen.swift in Sources */,
				A046F00327A3713E003197A1 /* ApartmentAPIInteractor.swift in Sources */,
				A0D4E10F27BAC43E007098B4 /* FoundApartmentView.swift in Sources */,
				A046F00627A37169003197A1 /* APILoadingState.swift in Sources */,
				A0C8667427AE267E002EBFE1 /* TextFieldEntry.swift in Sources */,
				A046EFFD27A370E4003197A1 /* ApartmentView.swift in Sources */,
				A005073E27A42B3F006DDD3C /* AuthInteractor.swift in Sources */,
				A03C68FC27AB307C008704F2 /* LinkInteractor.swift in Sources */,
				A046EFEC27A3708F003197A1 /* ApartmentHuntingApp.swift in Sources */,
				A046EFFB27A370D8003197A1 /* ApartmentsView.swift in Sources */,
				A046F01827A374EF003197A1 /* ShareSheet.swift in Sources */,
				A0D4E10827B6FE60007098B4 /* ColorSchemeAdaptor.swift in Sources */,
			);
			runOnlyForDeploymentPostprocessing = 0;
		};
		A07EF19B27BFF53B008ED1A9 /* Sources */ = {
			isa = PBXSourcesBuildPhase;
			buildActionMask = 2147483647;
			files = (
				A07EF1C327BFFD5E008ED1A9 /* LinkInteractor.swift in Sources */,
				A07EF1BB27BFF585008ED1A9 /* ApartmentModel.swift in Sources */,
				A07EF1BC27BFF585008ED1A9 /* ApartmentSearch.swift in Sources */,
				A07EF1BE27BFF5F2008ED1A9 /* AuthInteractor.swift in Sources */,
				A07EF1C127BFF62D008ED1A9 /* APILoadingState.swift in Sources */,
				A07EF1BA27BFF585008ED1A9 /* CurrentUser.swift.swift in Sources */,
				A07EF1B927BFF580008ED1A9 /* ApartmentAPIInteractor.swift in Sources */,
				A07EF1B027BFF55D008ED1A9 /* ShareViewController.swift in Sources */,
			);
			runOnlyForDeploymentPostprocessing = 0;
		};
		A0D4E0C727B6FBA3007098B4 /* Sources */ = {
			isa = PBXSourcesBuildPhase;
			buildActionMask = 2147483647;
			files = (
				A0D4E0E227B6FBDD007098B4 /* AddBrokerInformationView.swift in Sources */,
				A0E574E827C2020B0031CCF6 /* EventResponder.swift in Sources */,
				A0D4E0E627B6FBDD007098B4 /* ApartmentSearch.swift in Sources */,
				A0D4E0F727B6FBDD007098B4 /* CurrentUser.swift.swift in Sources */,
				A0D4E0E727B6FBDD007098B4 /* DismissKeyboardOnTap.swift in Sources */,
				A0D4E0DD27B6FBDD007098B4 /* ApartmentAPIInteractor.swift in Sources */,
				A0D4E0E527B6FBDD007098B4 /* UserOptionsView.swift in Sources */,
				A0D4E0F427B6FBDD007098B4 /* ShareSheet.swift in Sources */,
				A0D4E0EE27B6FBDD007098B4 /* SettingsView.swift in Sources */,
				A0D4E0EF27B6FBDD007098B4 /* Dismiss.swift in Sources */,
				A0D4E0FB27B6FBDD007098B4 /* SignInView.swift in Sources */,
				A0D4E0FA27B6FBDD007098B4 /* ApartmentsView.swift in Sources */,
				A0D4E0F327B6FBDD007098B4 /* TextArea.swift in Sources */,
				A0D4E0DF27B6FBDD007098B4 /* ErrorView.swift in Sources */,
				A0D4E0E327B6FBDD007098B4 /* TaskView.swift in Sources */,
				A0D4E0F927B6FBDD007098B4 /* ApartmentHuntingApp.swift in Sources */,
				A0D4E0DA27B6FBDD007098B4 /* Searchable.swift in Sources */,
				A0D4E0F127B6FBDD007098B4 /* ApartmentRequestView.swift in Sources */,
				A0D4E0E927B6FBDD007098B4 /* LinkInteractor.swift in Sources */,
				A0D4E0ED27B6FBDD007098B4 /* LoadApartmentView.swift in Sources */,
				A0D4E0F027B6FBDD007098B4 /* WithKeyboardOpen.swift in Sources */,
				A0D4E0F627B6FBDD007098B4 /* AuthInteractor.swift in Sources */,
				A0D4E0DB27B6FBDD007098B4 /* BackportActionSheet.swift in Sources */,
				A07EF17827BFE9A0008ED1A9 /* LoginTouchBar.swift in Sources */,
				A0D4E0E427B6FBDD007098B4 /* RoundedButton.swift in Sources */,
				A0D4E0DC27B6FBDD007098B4 /* AddApartmentView.swift in Sources */,
				A0D4E10927B6FE60007098B4 /* ColorSchemeAdaptor.swift in Sources */,
				A0D4E0F827B6FBDD007098B4 /* OpinionViews.swift in Sources */,
				A0D4E11027BAC43E007098B4 /* FoundApartmentView.swift in Sources */,
				A0D4E0E127B6FBDD007098B4 /* ApartmentView.swift in Sources */,
				A0D4E0DE27B6FBDD007098B4 /* LinkView.swift in Sources */,
				A0D4E0EC27B6FBDD007098B4 /* ContentView.swift in Sources */,
				A0D4E0F227B6FBDD007098B4 /* ApartmentModel.swift in Sources */,
				A0D4E0E027B6FBDD007098B4 /* EnvironmentValues+CurrentUser.swift in Sources */,
				A0D4E10B27B70347007098B4 /* NSAppDelegate.swift in Sources */,
				A0D4E0F527B6FBDD007098B4 /* TextFieldEntry.swift in Sources */,
				A0D4E0E827B6FBDD007098B4 /* APILoadingState.swift in Sources */,
				A0D4E0EB27B6FBDD007098B4 /* Initializer.swift in Sources */,
			);
			runOnlyForDeploymentPostprocessing = 0;
		};
/* End PBXSourcesBuildPhase section */

/* Begin PBXTargetDependency section */
		A07EF1A827BFF53C008ED1A9 /* PBXTargetDependency */ = {
			isa = PBXTargetDependency;
			target = A07EF19E27BFF53B008ED1A9 /* Share Extension */;
			targetProxy = A07EF1A727BFF53C008ED1A9 /* PBXContainerItemProxy */;
		};
/* End PBXTargetDependency section */

/* Begin XCBuildConfiguration section */
		A046EFF427A37094003197A1 /* Debug */ = {
			isa = XCBuildConfiguration;
			buildSettings = {
				ALWAYS_SEARCH_USER_PATHS = NO;
				CLANG_ANALYZER_NONNULL = YES;
				CLANG_ANALYZER_NUMBER_OBJECT_CONVERSION = YES_AGGRESSIVE;
				CLANG_CXX_LANGUAGE_STANDARD = "gnu++17";
				CLANG_CXX_LIBRARY = "libc++";
				CLANG_ENABLE_MODULES = YES;
				CLANG_ENABLE_OBJC_ARC = YES;
				CLANG_ENABLE_OBJC_WEAK = YES;
				CLANG_WARN_BLOCK_CAPTURE_AUTORELEASING = YES;
				CLANG_WARN_BOOL_CONVERSION = YES;
				CLANG_WARN_COMMA = YES;
				CLANG_WARN_CONSTANT_CONVERSION = YES;
				CLANG_WARN_DEPRECATED_OBJC_IMPLEMENTATIONS = YES;
				CLANG_WARN_DIRECT_OBJC_ISA_USAGE = YES_ERROR;
				CLANG_WARN_DOCUMENTATION_COMMENTS = YES;
				CLANG_WARN_EMPTY_BODY = YES;
				CLANG_WARN_ENUM_CONVERSION = YES;
				CLANG_WARN_INFINITE_RECURSION = YES;
				CLANG_WARN_INT_CONVERSION = YES;
				CLANG_WARN_NON_LITERAL_NULL_CONVERSION = YES;
				CLANG_WARN_OBJC_IMPLICIT_RETAIN_SELF = YES;
				CLANG_WARN_OBJC_LITERAL_CONVERSION = YES;
				CLANG_WARN_OBJC_ROOT_CLASS = YES_ERROR;
				CLANG_WARN_QUOTED_INCLUDE_IN_FRAMEWORK_HEADER = YES;
				CLANG_WARN_RANGE_LOOP_ANALYSIS = YES;
				CLANG_WARN_STRICT_PROTOTYPES = YES;
				CLANG_WARN_SUSPICIOUS_MOVE = YES;
				CLANG_WARN_UNGUARDED_AVAILABILITY = YES_AGGRESSIVE;
				CLANG_WARN_UNREACHABLE_CODE = YES;
				CLANG_WARN__DUPLICATE_METHOD_MATCH = YES;
				COPY_PHASE_STRIP = NO;
				DEBUG_INFORMATION_FORMAT = dwarf;
				ENABLE_STRICT_OBJC_MSGSEND = YES;
				ENABLE_TESTABILITY = YES;
				GCC_C_LANGUAGE_STANDARD = gnu11;
				GCC_DYNAMIC_NO_PIC = NO;
				GCC_NO_COMMON_BLOCKS = YES;
				GCC_OPTIMIZATION_LEVEL = 0;
				GCC_PREPROCESSOR_DEFINITIONS = (
					"DEBUG=1",
					"$(inherited)",
				);
				GCC_WARN_64_TO_32_BIT_CONVERSION = YES;
				GCC_WARN_ABOUT_RETURN_TYPE = YES_ERROR;
				GCC_WARN_UNDECLARED_SELECTOR = YES;
				GCC_WARN_UNINITIALIZED_AUTOS = YES_AGGRESSIVE;
				GCC_WARN_UNUSED_FUNCTION = YES;
				GCC_WARN_UNUSED_VARIABLE = YES;
				IPHONEOS_DEPLOYMENT_TARGET = 14.0;
				MACOSX_DEPLOYMENT_TARGET = 11.0;
				MTL_ENABLE_DEBUG_INFO = INCLUDE_SOURCE;
				MTL_FAST_MATH = YES;
				ONLY_ACTIVE_ARCH = YES;
				SDKROOT = iphoneos;
				SWIFT_ACTIVE_COMPILATION_CONDITIONS = DEBUG;
				SWIFT_OPTIMIZATION_LEVEL = "-Onone";
			};
			name = Debug;
		};
		A046EFF527A37094003197A1 /* Release */ = {
			isa = XCBuildConfiguration;
			buildSettings = {
				ALWAYS_SEARCH_USER_PATHS = NO;
				CLANG_ANALYZER_NONNULL = YES;
				CLANG_ANALYZER_NUMBER_OBJECT_CONVERSION = YES_AGGRESSIVE;
				CLANG_CXX_LANGUAGE_STANDARD = "gnu++17";
				CLANG_CXX_LIBRARY = "libc++";
				CLANG_ENABLE_MODULES = YES;
				CLANG_ENABLE_OBJC_ARC = YES;
				CLANG_ENABLE_OBJC_WEAK = YES;
				CLANG_WARN_BLOCK_CAPTURE_AUTORELEASING = YES;
				CLANG_WARN_BOOL_CONVERSION = YES;
				CLANG_WARN_COMMA = YES;
				CLANG_WARN_CONSTANT_CONVERSION = YES;
				CLANG_WARN_DEPRECATED_OBJC_IMPLEMENTATIONS = YES;
				CLANG_WARN_DIRECT_OBJC_ISA_USAGE = YES_ERROR;
				CLANG_WARN_DOCUMENTATION_COMMENTS = YES;
				CLANG_WARN_EMPTY_BODY = YES;
				CLANG_WARN_ENUM_CONVERSION = YES;
				CLANG_WARN_INFINITE_RECURSION = YES;
				CLANG_WARN_INT_CONVERSION = YES;
				CLANG_WARN_NON_LITERAL_NULL_CONVERSION = YES;
				CLANG_WARN_OBJC_IMPLICIT_RETAIN_SELF = YES;
				CLANG_WARN_OBJC_LITERAL_CONVERSION = YES;
				CLANG_WARN_OBJC_ROOT_CLASS = YES_ERROR;
				CLANG_WARN_QUOTED_INCLUDE_IN_FRAMEWORK_HEADER = YES;
				CLANG_WARN_RANGE_LOOP_ANALYSIS = YES;
				CLANG_WARN_STRICT_PROTOTYPES = YES;
				CLANG_WARN_SUSPICIOUS_MOVE = YES;
				CLANG_WARN_UNGUARDED_AVAILABILITY = YES_AGGRESSIVE;
				CLANG_WARN_UNREACHABLE_CODE = YES;
				CLANG_WARN__DUPLICATE_METHOD_MATCH = YES;
				COPY_PHASE_STRIP = NO;
				DEBUG_INFORMATION_FORMAT = "dwarf-with-dsym";
				ENABLE_NS_ASSERTIONS = NO;
				ENABLE_STRICT_OBJC_MSGSEND = YES;
				GCC_C_LANGUAGE_STANDARD = gnu11;
				GCC_NO_COMMON_BLOCKS = YES;
				GCC_WARN_64_TO_32_BIT_CONVERSION = YES;
				GCC_WARN_ABOUT_RETURN_TYPE = YES_ERROR;
				GCC_WARN_UNDECLARED_SELECTOR = YES;
				GCC_WARN_UNINITIALIZED_AUTOS = YES_AGGRESSIVE;
				GCC_WARN_UNUSED_FUNCTION = YES;
				GCC_WARN_UNUSED_VARIABLE = YES;
				IPHONEOS_DEPLOYMENT_TARGET = 14.0;
				MACOSX_DEPLOYMENT_TARGET = 11.0;
				MTL_ENABLE_DEBUG_INFO = NO;
				MTL_FAST_MATH = YES;
				SDKROOT = iphoneos;
				SWIFT_COMPILATION_MODE = wholemodule;
				SWIFT_OPTIMIZATION_LEVEL = "-O";
				VALIDATE_PRODUCT = YES;
			};
			name = Release;
		};
		A046EFF727A37094003197A1 /* Debug */ = {
			isa = XCBuildConfiguration;
			buildSettings = {
				ALWAYS_EMBED_SWIFT_STANDARD_LIBRARIES = YES;
				ASSETCATALOG_COMPILER_APPICON_NAME = AppIcon;
				ASSETCATALOG_COMPILER_GLOBAL_ACCENT_COLOR_NAME = AccentColor;
				CODE_SIGN_ENTITLEMENTS = ApartmentHunting/ApartmentHunting.entitlements;
				CODE_SIGN_STYLE = Automatic;
				CURRENT_PROJECT_VERSION = 1;
				DEVELOPMENT_ASSET_PATHS = "\"ApartmentHunting/Preview Content\"";
				DEVELOPMENT_TEAM = SCB9RTL9PP;
				ENABLE_PREVIEWS = YES;
				GENERATE_INFOPLIST_FILE = YES;
				INFOPLIST_FILE = ApartmentHunting/Info.plist;
				INFOPLIST_KEY_CFBundleDisplayName = "Home Hunting";
				INFOPLIST_KEY_UIApplicationSceneManifest_Generation = YES;
				INFOPLIST_KEY_UIApplicationSupportsIndirectInputEvents = YES;
				INFOPLIST_KEY_UILaunchScreen_Generation = YES;
				INFOPLIST_KEY_UISupportedInterfaceOrientations_iPad = "UIInterfaceOrientationPortrait UIInterfaceOrientationPortraitUpsideDown UIInterfaceOrientationLandscapeLeft UIInterfaceOrientationLandscapeRight";
				INFOPLIST_KEY_UISupportedInterfaceOrientations_iPhone = "UIInterfaceOrientationPortrait UIInterfaceOrientationLandscapeLeft UIInterfaceOrientationLandscapeRight";
				IPHONEOS_DEPLOYMENT_TARGET = 14.0;
				LD_RUNPATH_SEARCH_PATHS = (
					"$(inherited)",
					"@executable_path/Frameworks",
				);
				MARKETING_VERSION = 1.0;
				PRODUCT_BUNDLE_IDENTIFIER = com.JackRosen.apartmenthunting.ApartmentHunting;
				PRODUCT_NAME = "$(TARGET_NAME)";
				SWIFT_EMIT_LOC_STRINGS = YES;
				SWIFT_VERSION = 5.0;
				TARGETED_DEVICE_FAMILY = "1,2";
			};
			name = Debug;
		};
		A046EFF827A37094003197A1 /* Release */ = {
			isa = XCBuildConfiguration;
			buildSettings = {
				ALWAYS_EMBED_SWIFT_STANDARD_LIBRARIES = YES;
				ASSETCATALOG_COMPILER_APPICON_NAME = AppIcon;
				ASSETCATALOG_COMPILER_GLOBAL_ACCENT_COLOR_NAME = AccentColor;
				CODE_SIGN_ENTITLEMENTS = ApartmentHunting/ApartmentHunting.entitlements;
				CODE_SIGN_STYLE = Automatic;
				CURRENT_PROJECT_VERSION = 1;
				DEVELOPMENT_ASSET_PATHS = "\"ApartmentHunting/Preview Content\"";
				DEVELOPMENT_TEAM = SCB9RTL9PP;
				ENABLE_PREVIEWS = YES;
				GENERATE_INFOPLIST_FILE = YES;
				INFOPLIST_FILE = ApartmentHunting/Info.plist;
				INFOPLIST_KEY_CFBundleDisplayName = "Home Hunting";
				INFOPLIST_KEY_UIApplicationSceneManifest_Generation = YES;
				INFOPLIST_KEY_UIApplicationSupportsIndirectInputEvents = YES;
				INFOPLIST_KEY_UILaunchScreen_Generation = YES;
				INFOPLIST_KEY_UISupportedInterfaceOrientations_iPad = "UIInterfaceOrientationPortrait UIInterfaceOrientationPortraitUpsideDown UIInterfaceOrientationLandscapeLeft UIInterfaceOrientationLandscapeRight";
				INFOPLIST_KEY_UISupportedInterfaceOrientations_iPhone = "UIInterfaceOrientationPortrait UIInterfaceOrientationLandscapeLeft UIInterfaceOrientationLandscapeRight";
				IPHONEOS_DEPLOYMENT_TARGET = 14.0;
				LD_RUNPATH_SEARCH_PATHS = (
					"$(inherited)",
					"@executable_path/Frameworks",
				);
				MARKETING_VERSION = 1.0;
				PRODUCT_BUNDLE_IDENTIFIER = com.JackRosen.apartmenthunting.ApartmentHunting;
				PRODUCT_NAME = "$(TARGET_NAME)";
				SWIFT_EMIT_LOC_STRINGS = YES;
				SWIFT_VERSION = 5.0;
				TARGETED_DEVICE_FAMILY = "1,2";
			};
			name = Release;
		};
		A07EF1AB27BFF53C008ED1A9 /* Debug */ = {
			isa = XCBuildConfiguration;
			buildSettings = {
				CLANG_ENABLE_MODULES = YES;
				CODE_SIGN_ENTITLEMENTS = "Share Extension/Share Extension.entitlements";
				CODE_SIGN_STYLE = Automatic;
				CURRENT_PROJECT_VERSION = 1;
				DEVELOPMENT_TEAM = SCB9RTL9PP;
				GENERATE_INFOPLIST_FILE = YES;
				INFOPLIST_FILE = "Share Extension/Info.plist";
				INFOPLIST_KEY_CFBundleDisplayName = "Share Extension";
				INFOPLIST_KEY_NSHumanReadableCopyright = "";
				IPHONEOS_DEPLOYMENT_TARGET = 14.0;
				LD_RUNPATH_SEARCH_PATHS = (
					"$(inherited)",
					"@executable_path/Frameworks",
					"@executable_path/../../Frameworks",
				);
				MARKETING_VERSION = 1.0;
				PRODUCT_BUNDLE_IDENTIFIER = "com.JackRosen.apartmenthunting.ApartmentHunting.Share-Extension";
				PRODUCT_NAME = "$(TARGET_NAME)";
				SKIP_INSTALL = YES;
				SWIFT_EMIT_LOC_STRINGS = YES;
				SWIFT_OPTIMIZATION_LEVEL = "-Onone";
				SWIFT_VERSION = 5.0;
				TARGETED_DEVICE_FAMILY = "1,2";
			};
			name = Debug;
		};
		A07EF1AC27BFF53C008ED1A9 /* Release */ = {
			isa = XCBuildConfiguration;
			buildSettings = {
				CLANG_ENABLE_MODULES = YES;
				CODE_SIGN_ENTITLEMENTS = "Share Extension/Share Extension.entitlements";
				CODE_SIGN_STYLE = Automatic;
				CURRENT_PROJECT_VERSION = 1;
				DEVELOPMENT_TEAM = SCB9RTL9PP;
				GENERATE_INFOPLIST_FILE = YES;
				INFOPLIST_FILE = "Share Extension/Info.plist";
				INFOPLIST_KEY_CFBundleDisplayName = "Share Extension";
				INFOPLIST_KEY_NSHumanReadableCopyright = "";
				IPHONEOS_DEPLOYMENT_TARGET = 14.0;
				LD_RUNPATH_SEARCH_PATHS = (
					"$(inherited)",
					"@executable_path/Frameworks",
					"@executable_path/../../Frameworks",
				);
				MARKETING_VERSION = 1.0;
				PRODUCT_BUNDLE_IDENTIFIER = "com.JackRosen.apartmenthunting.ApartmentHunting.Share-Extension";
				PRODUCT_NAME = "$(TARGET_NAME)";
				SKIP_INSTALL = YES;
				SWIFT_EMIT_LOC_STRINGS = YES;
				SWIFT_VERSION = 5.0;
				TARGETED_DEVICE_FAMILY = "1,2";
			};
			name = Release;
		};
		A0D4E0D727B6FBA5007098B4 /* Debug */ = {
			isa = XCBuildConfiguration;
			buildSettings = {
				ASSETCATALOG_COMPILER_APPICON_NAME = AppIcon;
				ASSETCATALOG_COMPILER_GLOBAL_ACCENT_COLOR_NAME = AccentColor;
				CODE_SIGN_ENTITLEMENTS = "Home Hunt/Home_Hunt.entitlements";
				CODE_SIGN_STYLE = Automatic;
				COMBINE_HIDPI_IMAGES = YES;
				CURRENT_PROJECT_VERSION = 1;
				DEVELOPMENT_ASSET_PATHS = "\"Home Hunt/Preview Content\"";
				DEVELOPMENT_TEAM = SCB9RTL9PP;
				ENABLE_HARDENED_RUNTIME = YES;
				ENABLE_PREVIEWS = YES;
				GENERATE_INFOPLIST_FILE = YES;
				INFOPLIST_FILE = "ApartmentHunting/Home-Hunt-Info.plist";
				INFOPLIST_KEY_LSApplicationCategoryType = "public.app-category.utilities";
				INFOPLIST_KEY_NSHumanReadableCopyright = "";
				LD_RUNPATH_SEARCH_PATHS = (
					"$(inherited)",
					"@executable_path/../Frameworks",
				);
				MACOSX_DEPLOYMENT_TARGET = 11.0;
				MARKETING_VERSION = 1.0;
				PRODUCT_BUNDLE_IDENTIFIER = com.JackRosen.apartmenthunting.ApartmentHunting;
				PRODUCT_NAME = "$(TARGET_NAME)";
				SDKROOT = macosx;
				SWIFT_EMIT_LOC_STRINGS = YES;
				SWIFT_VERSION = 5.0;
			};
			name = Debug;
		};
		A0D4E0D827B6FBA5007098B4 /* Release */ = {
			isa = XCBuildConfiguration;
			buildSettings = {
				ASSETCATALOG_COMPILER_APPICON_NAME = AppIcon;
				ASSETCATALOG_COMPILER_GLOBAL_ACCENT_COLOR_NAME = AccentColor;
				CODE_SIGN_ENTITLEMENTS = "Home Hunt/Home_Hunt.entitlements";
				CODE_SIGN_STYLE = Automatic;
				COMBINE_HIDPI_IMAGES = YES;
				CURRENT_PROJECT_VERSION = 1;
				DEVELOPMENT_ASSET_PATHS = "\"Home Hunt/Preview Content\"";
				DEVELOPMENT_TEAM = SCB9RTL9PP;
				ENABLE_HARDENED_RUNTIME = YES;
				ENABLE_PREVIEWS = YES;
				GENERATE_INFOPLIST_FILE = YES;
				INFOPLIST_FILE = "ApartmentHunting/Home-Hunt-Info.plist";
				INFOPLIST_KEY_LSApplicationCategoryType = "public.app-category.utilities";
				INFOPLIST_KEY_NSHumanReadableCopyright = "";
				LD_RUNPATH_SEARCH_PATHS = (
					"$(inherited)",
					"@executable_path/../Frameworks",
				);
				MACOSX_DEPLOYMENT_TARGET = 11.0;
				MARKETING_VERSION = 1.0;
				PRODUCT_BUNDLE_IDENTIFIER = com.JackRosen.apartmenthunting.ApartmentHunting;
				PRODUCT_NAME = "$(TARGET_NAME)";
				SDKROOT = macosx;
				SWIFT_EMIT_LOC_STRINGS = YES;
				SWIFT_VERSION = 5.0;
			};
			name = Release;
		};
/* End XCBuildConfiguration section */

/* Begin XCConfigurationList section */
		A046EFE327A3708E003197A1 /* Build configuration list for PBXProject "HomeHunt" */ = {
			isa = XCConfigurationList;
			buildConfigurations = (
				A046EFF427A37094003197A1 /* Debug */,
				A046EFF527A37094003197A1 /* Release */,
			);
			defaultConfigurationIsVisible = 0;
			defaultConfigurationName = Release;
		};
		A046EFF627A37094003197A1 /* Build configuration list for PBXNativeTarget "Home Hunting iOS" */ = {
			isa = XCConfigurationList;
			buildConfigurations = (
				A046EFF727A37094003197A1 /* Debug */,
				A046EFF827A37094003197A1 /* Release */,
			);
			defaultConfigurationIsVisible = 0;
			defaultConfigurationName = Release;
		};
		A07EF1AA27BFF53C008ED1A9 /* Build configuration list for PBXNativeTarget "Share Extension" */ = {
			isa = XCConfigurationList;
			buildConfigurations = (
				A07EF1AB27BFF53C008ED1A9 /* Debug */,
				A07EF1AC27BFF53C008ED1A9 /* Release */,
			);
			defaultConfigurationIsVisible = 0;
			defaultConfigurationName = Release;
		};
		A0D4E0D927B6FBA5007098B4 /* Build configuration list for PBXNativeTarget "Home Hunting" */ = {
			isa = XCConfigurationList;
			buildConfigurations = (
				A0D4E0D727B6FBA5007098B4 /* Debug */,
				A0D4E0D827B6FBA5007098B4 /* Release */,
			);
			defaultConfigurationIsVisible = 0;
			defaultConfigurationName = Release;
		};
/* End XCConfigurationList section */

/* Begin XCRemoteSwiftPackageReference section */
		A046F00B27A37313003197A1 /* XCRemoteSwiftPackageReference "firebase-ios-sdk" */ = {
			isa = XCRemoteSwiftPackageReference;
			repositoryURL = "https://github.com/firebase/firebase-ios-sdk.git";
			requirement = {
				kind = upToNextMajorVersion;
				minimumVersion = 8.0.0;
			};
		};
/* End XCRemoteSwiftPackageReference section */

/* Begin XCSwiftPackageProductDependency section */
		A005073F27A42B49006DDD3C /* FirebaseAuth */ = {
			isa = XCSwiftPackageProductDependency;
			package = A046F00B27A37313003197A1 /* XCRemoteSwiftPackageReference "firebase-ios-sdk" */;
			productName = FirebaseAuth;
		};
		A046F00C27A37313003197A1 /* FirebaseFirestore */ = {
			isa = XCSwiftPackageProductDependency;
			package = A046F00B27A37313003197A1 /* XCRemoteSwiftPackageReference "firebase-ios-sdk" */;
			productName = FirebaseFirestore;
		};
		A046F00E27A37313003197A1 /* FirebaseFirestoreSwift-Beta */ = {
			isa = XCSwiftPackageProductDependency;
			package = A046F00B27A37313003197A1 /* XCRemoteSwiftPackageReference "firebase-ios-sdk" */;
			productName = "FirebaseFirestoreSwift-Beta";
		};
		A046F01327A37423003197A1 /* FirebaseMessaging */ = {
			isa = XCSwiftPackageProductDependency;
			package = A046F00B27A37313003197A1 /* XCRemoteSwiftPackageReference "firebase-ios-sdk" */;
			productName = FirebaseMessaging;
		};
		A07EF1B327BFF56E008ED1A9 /* FirebaseAuth */ = {
			isa = XCSwiftPackageProductDependency;
			package = A046F00B27A37313003197A1 /* XCRemoteSwiftPackageReference "firebase-ios-sdk" */;
			productName = FirebaseAuth;
		};
		A07EF1B527BFF56E008ED1A9 /* FirebaseFirestore */ = {
			isa = XCSwiftPackageProductDependency;
			package = A046F00B27A37313003197A1 /* XCRemoteSwiftPackageReference "firebase-ios-sdk" */;
			productName = FirebaseFirestore;
		};
		A07EF1B727BFF56E008ED1A9 /* FirebaseFirestoreSwift-Beta */ = {
			isa = XCSwiftPackageProductDependency;
			package = A046F00B27A37313003197A1 /* XCRemoteSwiftPackageReference "firebase-ios-sdk" */;
			productName = "FirebaseFirestoreSwift-Beta";
		};
		A07EF1BF27BFF61B008ED1A9 /* FirebaseMessaging */ = {
			isa = XCSwiftPackageProductDependency;
			package = A046F00B27A37313003197A1 /* XCRemoteSwiftPackageReference "firebase-ios-sdk" */;
			productName = FirebaseMessaging;
		};
		A0D4E0FC27B6FBF2007098B4 /* FirebaseFirestore */ = {
			isa = XCSwiftPackageProductDependency;
			package = A046F00B27A37313003197A1 /* XCRemoteSwiftPackageReference "firebase-ios-sdk" */;
			productName = FirebaseFirestore;
		};
		A0D4E0FE27B6FBF2007098B4 /* FirebaseFirestoreSwift-Beta */ = {
			isa = XCSwiftPackageProductDependency;
			package = A046F00B27A37313003197A1 /* XCRemoteSwiftPackageReference "firebase-ios-sdk" */;
			productName = "FirebaseFirestoreSwift-Beta";
		};
		A0D4E10027B6FBF2007098B4 /* FirebaseMessaging */ = {
			isa = XCSwiftPackageProductDependency;
			package = A046F00B27A37313003197A1 /* XCRemoteSwiftPackageReference "firebase-ios-sdk" */;
			productName = FirebaseMessaging;
		};
		A0D4E10227B6FBFA007098B4 /* FirebaseAuth */ = {
			isa = XCSwiftPackageProductDependency;
			package = A046F00B27A37313003197A1 /* XCRemoteSwiftPackageReference "firebase-ios-sdk" */;
			productName = FirebaseAuth;
		};
/* End XCSwiftPackageProductDependency section */
	};
	rootObject = A046EFE027A3708E003197A1 /* Project object */;
}
